
Microsoft Visual Studio Solution File, Format Version 12.00
# Visual Studio 15
VisualStudioVersion = 15.0.27703.2047
MinimumVisualStudioVersion = 10.0.40219.1
Project("{9A19103F-16F7-4668-BE54-9A1E7A4F7556}") = "BlockChain.TestConsoleApp1", "BlockChain.TestConsoleApp1\BlockChain.TestConsoleApp1.csproj", "{A321ABC7-C2DE-4349-B6DC-C718F14BCE76}"
EndProject
Project("{9A19103F-16F7-4668-BE54-9A1E7A4F7556}") = "BlockChain.Host", "BlockChain.Host\BlockChain.Host.csproj", "{375ABC7D-F1A2-4193-A47B-1725BB2E3052}"
EndProject
Global
	GlobalSection(SolutionConfigurationPlatforms) = preSolution
		Debug|Any CPU = Debug|Any CPU
		Release|Any CPU = Release|Any CPU
	EndGlobalSection
	GlobalSection(ProjectConfigurationPlatforms) = postSolution
		{A321ABC7-C2DE-4349-B6DC-C718F14BCE76}.Debug|Any CPU.ActiveCfg = Debug|Any CPU
		{A321ABC7-C2DE-4349-B6DC-C718F14BCE76}.Debug|Any CPU.Build.0 = Debug|Any CPU
		{A321ABC7-C2DE-4349-B6DC-C718F14BCE76}.Release|Any CPU.ActiveCfg = Release|Any CPU
		{A321ABC7-C2DE-4349-B6DC-C718F14BCE76}.Release|Any CPU.Build.0 = Release|Any CPU
		{375ABC7D-F1A2-4193-A47B-1725BB2E3052}.Debug|Any CPU.ActiveCfg = Debug|Any CPU
		{375ABC7D-F1A2-4193-A47B-1725BB2E3052}.Debug|Any CPU.Build.0 = Debug|Any CPU
		{375ABC7D-F1A2-4193-A47B-1725BB2E3052}.Release|Any CPU.ActiveCfg = Release|Any CPU
		{375ABC7D-F1A2-4193-A47B-1725BB2E3052}.Release|Any CPU.Build.0 = Release|Any CPU
	EndGlobalSection
	GlobalSection(SolutionProperties) = preSolution
		HideSolutionNode = FALSE
	EndGlobalSection
	GlobalSection(ExtensibilityGlobals) = postSolution
		SolutionGuid = {971D78F7-EA31-4C60-B31D-FAA0BD429682}
	EndGlobalSection
EndGlobal
